// !$*UTF8*$!
{
	archiveVersion = 1;
	classes = {
	};
	objectVersion = 55;
	objects = {

/* Begin PBXBuildFile section */
		69E05A9D28A27EC900FD3082 /* AppDelegate.swift in Sources */ = {isa = PBXBuildFile; fileRef = 69E05A9C28A27EC900FD3082 /* AppDelegate.swift */; };
		69E05A9F28A27EC900FD3082 /* SceneDelegate.swift in Sources */ = {isa = PBXBuildFile; fileRef = 69E05A9E28A27EC900FD3082 /* SceneDelegate.swift */; };
		69E05AA128A27EC900FD3082 /* ViewController.swift in Sources */ = {isa = PBXBuildFile; fileRef = 69E05AA028A27EC900FD3082 /* ViewController.swift */; };
		69E05AA428A27EC900FD3082 /* Main.storyboard in Resources */ = {isa = PBXBuildFile; fileRef = 69E05AA228A27EC900FD3082 /* Main.storyboard */; };
		69E05AA728A27EC900FD3082 /* MVVM.xcdatamodeld in Sources */ = {isa = PBXBuildFile; fileRef = 69E05AA528A27EC900FD3082 /* MVVM.xcdatamodeld */; };
		69E05AA928A27ECB00FD3082 /* Assets.xcassets in Resources */ = {isa = PBXBuildFile; fileRef = 69E05AA828A27ECB00FD3082 /* Assets.xcassets */; };
		69E05AAC28A27ECB00FD3082 /* LaunchScreen.storyboard in Resources */ = {isa = PBXBuildFile; fileRef = 69E05AAA28A27ECB00FD3082 /* LaunchScreen.storyboard */; };
		69E05AB728A27ECB00FD3082 /* MVVMTests.swift in Sources */ = {isa = PBXBuildFile; fileRef = 69E05AB628A27ECB00FD3082 /* MVVMTests.swift */; };
		69E05AC128A27ECB00FD3082 /* MVVMUITests.swift in Sources */ = {isa = PBXBuildFile; fileRef = 69E05AC028A27ECB00FD3082 /* MVVMUITests.swift */; };
		69E05AC328A27ECB00FD3082 /* MVVMUITestsLaunchTests.swift in Sources */ = {isa = PBXBuildFile; fileRef = 69E05AC228A27ECB00FD3082 /* MVVMUITestsLaunchTests.swift */; };
/* End PBXBuildFile section */

/* Begin PBXContainerItemProxy section */
		69E05AB328A27ECB00FD3082 /* PBXContainerItemProxy */ = {
			isa = PBXContainerItemProxy;
			containerPortal = 69E05A9128A27EC900FD3082 /* Project object */;
			proxyType = 1;
			remoteGlobalIDString = 69E05A9828A27EC900FD3082;
			remoteInfo = MVVM;
		};
		69E05ABD28A27ECB00FD3082 /* PBXContainerItemProxy */ = {
			isa = PBXContainerItemProxy;
			containerPortal = 69E05A9128A27EC900FD3082 /* Project object */;
			proxyType = 1;
			remoteGlobalIDString = 69E05A9828A27EC900FD3082;
			remoteInfo = MVVM;
		};
/* End PBXContainerItemProxy section */

/* Begin PBXFileReference section */
		69E05A9928A27EC900FD3082 /* MVVM.app */ = {isa = PBXFileReference; explicitFileType = wrapper.application; includeInIndex = 0; path = MVVM.app; sourceTree = BUILT_PRODUCTS_DIR; };
		69E05A9C28A27EC900FD3082 /* AppDelegate.swift */ = {isa = PBXFileReference; lastKnownFileType = sourcecode.swift; path = AppDelegate.swift; sourceTree = "<group>"; };
		69E05A9E28A27EC900FD3082 /* SceneDelegate.swift */ = {isa = PBXFileReference; lastKnownFileType = sourcecode.swift; path = SceneDelegate.swift; sourceTree = "<group>"; };
		69E05AA028A27EC900FD3082 /* ViewController.swift */ = {isa = PBXFileReference; lastKnownFileType = sourcecode.swift; path = ViewController.swift; sourceTree = "<group>"; };
		69E05AA328A27EC900FD3082 /* Base */ = {isa = PBXFileReference; lastKnownFileType = file.storyboard; name = Base; path = Base.lproj/Main.storyboard; sourceTree = "<group>"; };
		69E05AA628A27EC900FD3082 /* MVVM.xcdatamodel */ = {isa = PBXFileReference; lastKnownFileType = wrapper.xcdatamodel; path = MVVM.xcdatamodel; sourceTree = "<group>"; };
		69E05AA828A27ECB00FD3082 /* Assets.xcassets */ = {isa = PBXFileReference; lastKnownFileType = folder.assetcatalog; path = Assets.xcassets; sourceTree = "<group>"; };
		69E05AAB28A27ECB00FD3082 /* Base */ = {isa = PBXFileReference; lastKnownFileType = file.storyboard; name = Base; path = Base.lproj/LaunchScreen.storyboard; sourceTree = "<group>"; };
		69E05AAD28A27ECB00FD3082 /* Info.plist */ = {isa = PBXFileReference; lastKnownFileType = text.plist.xml; path = Info.plist; sourceTree = "<group>"; };
		69E05AB228A27ECB00FD3082 /* MVVMTests.xctest */ = {isa = PBXFileReference; explicitFileType = wrapper.cfbundle; includeInIndex = 0; path = MVVMTests.xctest; sourceTree = BUILT_PRODUCTS_DIR; };
		69E05AB628A27ECB00FD3082 /* MVVMTests.swift */ = {isa = PBXFileReference; lastKnownFileType = sourcecode.swift; path = MVVMTests.swift; sourceTree = "<group>"; };
		69E05ABC28A27ECB00FD3082 /* MVVMUITests.xctest */ = {isa = PBXFileReference; explicitFileType = wrapper.cfbundle; includeInIndex = 0; path = MVVMUITests.xctest; sourceTree = BUILT_PRODUCTS_DIR; };
		69E05AC028A27ECB00FD3082 /* MVVMUITests.swift */ = {isa = PBXFileReference; lastKnownFileType = sourcecode.swift; path = MVVMUITests.swift; sourceTree = "<group>"; };
		69E05AC228A27ECB00FD3082 /* MVVMUITestsLaunchTests.swift */ = {isa = PBXFileReference; lastKnownFileType = sourcecode.swift; path = MVVMUITestsLaunchTests.swift; sourceTree = "<group>"; };
/* End PBXFileReference section */

/* Begin PBXFrameworksBuildPhase section */
		69E05A9628A27EC900FD3082 /* Frameworks */ = {
			isa = PBXFrameworksBuildPhase;
			buildActionMask = 2147483647;
			files = (
			);
			runOnlyForDeploymentPostprocessing = 0;
		};
		69E05AAF28A27ECB00FD3082 /* Frameworks */ = {
			isa = PBXFrameworksBuildPhase;
			buildActionMask = 2147483647;
			files = (
			);
			runOnlyForDeploymentPostprocessing = 0;
		};
		69E05AB928A27ECB00FD3082 /* Frameworks */ = {
			isa = PBXFrameworksBuildPhase;
			buildActionMask = 2147483647;
			files = (
			);
			runOnlyForDeploymentPostprocessing = 0;
		};
/* End PBXFrameworksBuildPhase section */

/* Begin PBXGroup section */
		69E05A9028A27EC900FD3082 = {
			isa = PBXGroup;
			children = (
				69E05A9B28A27EC900FD3082 /* MVVM */,
				69E05AB528A27ECB00FD3082 /* MVVMTests */,
				69E05ABF28A27ECB00FD3082 /* MVVMUITests */,
				69E05A9A28A27EC900FD3082 /* Products */,
			);
			sourceTree = "<group>";
		};
		69E05A9A28A27EC900FD3082 /* Products */ = {
			isa = PBXGroup;
			children = (
				69E05A9928A27EC900FD3082 /* MVVM.app */,
				69E05AB228A27ECB00FD3082 /* MVVMTests.xctest */,
				69E05ABC28A27ECB00FD3082 /* MVVMUITests.xctest */,
			);
			name = Products;
			sourceTree = "<group>";
		};
		69E05A9B28A27EC900FD3082 /* MVVM */ = {
			isa = PBXGroup;
			children = (
				69E05A9C28A27EC900FD3082 /* AppDelegate.swift */,
				69E05A9E28A27EC900FD3082 /* SceneDelegate.swift */,
				69E05AA028A27EC900FD3082 /* ViewController.swift */,
				69E05AA228A27EC900FD3082 /* Main.storyboard */,
				69E05AA828A27ECB00FD3082 /* Assets.xcassets */,
				69E05AAA28A27ECB00FD3082 /* LaunchScreen.storyboard */,
				69E05AAD28A27ECB00FD3082 /* Info.plist */,
				69E05AA528A27EC900FD3082 /* MVVM.xcdatamodeld */,
			);
			path = MVVM;
			sourceTree = "<group>";
		};
		69E05AB528A27ECB00FD3082 /* MVVMTests */ = {
			isa = PBXGroup;
			children = (
				69E05AB628A27ECB00FD3082 /* MVVMTests.swift */,
			);
			path = MVVMTests;
			sourceTree = "<group>";
		};
		69E05ABF28A27ECB00FD3082 /* MVVMUITests */ = {
			isa = PBXGroup;
			children = (
				69E05AC028A27ECB00FD3082 /* MVVMUITests.swift */,
				69E05AC228A27ECB00FD3082 /* MVVMUITestsLaunchTests.swift */,
			);
			path = MVVMUITests;
			sourceTree = "<group>";
		};
/* End PBXGroup section */

/* Begin PBXNativeTarget section */
		69E05A9828A27EC900FD3082 /* MVVM */ = {
			isa = PBXNativeTarget;
			buildConfigurationList = 69E05AC628A27ECB00FD3082 /* Build configuration list for PBXNativeTarget "MVVM" */;
			buildPhases = (
				69E05A9528A27EC900FD3082 /* Sources */,
				69E05A9628A27EC900FD3082 /* Frameworks */,
				69E05A9728A27EC900FD3082 /* Resources */,
			);
			buildRules = (
			);
			dependencies = (
			);
			name = MVVM;
			productName = MVVM;
			productReference = 69E05A9928A27EC900FD3082 /* MVVM.app */;
			productType = "com.apple.product-type.application";
		};
		69E05AB128A27ECB00FD3082 /* MVVMTests */ = {
			isa = PBXNativeTarget;
			buildConfigurationList = 69E05AC928A27ECB00FD3082 /* Build configuration list for PBXNativeTarget "MVVMTests" */;
			buildPhases = (
				69E05AAE28A27ECB00FD3082 /* Sources */,
				69E05AAF28A27ECB00FD3082 /* Frameworks */,
				69E05AB028A27ECB00FD3082 /* Resources */,
			);
			buildRules = (
			);
			dependencies = (
				69E05AB428A27ECB00FD3082 /* PBXTargetDependency */,
			);
			name = MVVMTests;
			productName = MVVMTests;
			productReference = 69E05AB228A27ECB00FD3082 /* MVVMTests.xctest */;
			productType = "com.apple.product-type.bundle.unit-test";
		};
		69E05ABB28A27ECB00FD3082 /* MVVMUITests */ = {
			isa = PBXNativeTarget;
			buildConfigurationList = 69E05ACC28A27ECB00FD3082 /* Build configuration list for PBXNativeTarget "MVVMUITests" */;
			buildPhases = (
				69E05AB828A27ECB00FD3082 /* Sources */,
				69E05AB928A27ECB00FD3082 /* Frameworks */,
				69E05ABA28A27ECB00FD3082 /* Resources */,
			);
			buildRules = (
			);
			dependencies = (
				69E05ABE28A27ECB00FD3082 /* PBXTargetDependency */,
			);
			name = MVVMUITests;
			productName = MVVMUITests;
			productReference = 69E05ABC28A27ECB00FD3082 /* MVVMUITests.xctest */;
			productType = "com.apple.product-type.bundle.ui-testing";
		};
/* End PBXNativeTarget section */

/* Begin PBXProject section */
		69E05A9128A27EC900FD3082 /* Project object */ = {
			isa = PBXProject;
			attributes = {
				BuildIndependentTargetsInParallel = 1;
				LastSwiftUpdateCheck = 1340;
				LastUpgradeCheck = 1340;
				TargetAttributes = {
					69E05A9828A27EC900FD3082 = {
						CreatedOnToolsVersion = 13.4.1;
					};
					69E05AB128A27ECB00FD3082 = {
						CreatedOnToolsVersion = 13.4.1;
						TestTargetID = 69E05A9828A27EC900FD3082;
					};
					69E05ABB28A27ECB00FD3082 = {
						CreatedOnToolsVersion = 13.4.1;
						TestTargetID = 69E05A9828A27EC900FD3082;
					};
				};
			};
			buildConfigurationList = 69E05A9428A27EC900FD3082 /* Build configuration list for PBXProject "MVVM" */;
			compatibilityVersion = "Xcode 13.0";
			developmentRegion = en;
			hasScannedForEncodings = 0;
			knownRegions = (
				en,
				Base,
			);
			mainGroup = 69E05A9028A27EC900FD3082;
			productRefGroup = 69E05A9A28A27EC900FD3082 /* Products */;
			projectDirPath = "";
			projectRoot = "";
			targets = (
				69E05A9828A27EC900FD3082 /* MVVM */,
				69E05AB128A27ECB00FD3082 /* MVVMTests */,
				69E05ABB28A27ECB00FD3082 /* MVVMUITests */,
			);
		};
/* End PBXProject section */

/* Begin PBXResourcesBuildPhase section */
		69E05A9728A27EC900FD3082 /* Resources */ = {
			isa = PBXResourcesBuildPhase;
			buildActionMask = 2147483647;
			files = (
				69E05AAC28A27ECB00FD3082 /* LaunchScreen.storyboard in Resources */,
				69E05AA928A27ECB00FD3082 /* Assets.xcassets in Resources */,
				69E05AA428A27EC900FD3082 /* Main.storyboard in Resources */,
			);
			runOnlyForDeploymentPostprocessing = 0;
		};
		69E05AB028A27ECB00FD3082 /* Resources */ = {
			isa = PBXResourcesBuildPhase;
			buildActionMask = 2147483647;
			files = (
			);
			runOnlyForDeploymentPostprocessing = 0;
		};
		69E05ABA28A27ECB00FD3082 /* Resources */ = {
			isa = PBXResourcesBuildPhase;
			buildActionMask = 2147483647;
			files = (
			);
			runOnlyForDeploymentPostprocessing = 0;
		};
/* End PBXResourcesBuildPhase section */

/* Begin PBXSourcesBuildPhase section */
		69E05A9528A27EC900FD3082 /* Sources */ = {
			isa = PBXSourcesBuildPhase;
			buildActionMask = 2147483647;
			files = (
				69E05AA128A27EC900FD3082 /* ViewController.swift in Sources */,
				69E05A9D28A27EC900FD3082 /* AppDelegate.swift in Sources */,
				69E05A9F28A27EC900FD3082 /* SceneDelegate.swift in Sources */,
				69E05AA728A27EC900FD3082 /* MVVM.xcdatamodeld in Sources */,
			);
			runOnlyForDeploymentPostprocessing = 0;
		};
		69E05AAE28A27ECB00FD3082 /* Sources */ = {
			isa = PBXSourcesBuildPhase;
			buildActionMask = 2147483647;
			files = (
				69E05AB728A27ECB00FD3082 /* MVVMTests.swift in Sources */,
			);
			runOnlyForDeploymentPostprocessing = 0;
		};
		69E05AB828A27ECB00FD3082 /* Sources */ = {
			isa = PBXSourcesBuildPhase;
			buildActionMask = 2147483647;
			files = (
				69E05AC328A27ECB00FD3082 /* MVVMUITestsLaunchTests.swift in Sources */,
				69E05AC128A27ECB00FD3082 /* MVVMUITests.swift in Sources */,
			);
			runOnlyForDeploymentPostprocessing = 0;
		};
/* End PBXSourcesBuildPhase section */

/* Begin PBXTargetDependency section */
		69E05AB428A27ECB00FD3082 /* PBXTargetDependency */ = {
			isa = PBXTargetDependency;
			target = 69E05A9828A27EC900FD3082 /* MVVM */;
			targetProxy = 69E05AB328A27ECB00FD3082 /* PBXContainerItemProxy */;
		};
		69E05ABE28A27ECB00FD3082 /* PBXTargetDependency */ = {
			isa = PBXTargetDependency;
			target = 69E05A9828A27EC900FD3082 /* MVVM */;
			targetProxy = 69E05ABD28A27ECB00FD3082 /* PBXContainerItemProxy */;
		};
/* End PBXTargetDependency section */

/* Begin PBXVariantGroup section */
		69E05AA228A27EC900FD3082 /* Main.storyboard */ = {
			isa = PBXVariantGroup;
			children = (
				69E05AA328A27EC900FD3082 /* Base */,
			);
			name = Main.storyboard;
			sourceTree = "<group>";
		};
		69E05AAA28A27ECB00FD3082 /* LaunchScreen.storyboard */ = {
			isa = PBXVariantGroup;
			children = (
				69E05AAB28A27ECB00FD3082 /* Base */,
			);
			name = LaunchScreen.storyboard;
			sourceTree = "<group>";
		};
/* End PBXVariantGroup section */

/* Begin XCBuildConfiguration section */
		69E05AC428A27ECB00FD3082 /* Debug */ = {
			isa = XCBuildConfiguration;
			buildSettings = {
				ALWAYS_SEARCH_USER_PATHS = NO;
				CLANG_ANALYZER_NONNULL = YES;
				CLANG_ANALYZER_NUMBER_OBJECT_CONVERSION = YES_AGGRESSIVE;
				CLANG_CXX_LANGUAGE_STANDARD = "gnu++17";
				CLANG_ENABLE_MODULES = YES;
				CLANG_ENABLE_OBJC_ARC = YES;
				CLANG_ENABLE_OBJC_WEAK = YES;
				CLANG_WARN_BLOCK_CAPTURE_AUTORELEASING = YES;
				CLANG_WARN_BOOL_CONVERSION = YES;
				CLANG_WARN_COMMA = YES;
				CLANG_WARN_CONSTANT_CONVERSION = YES;
				CLANG_WARN_DEPRECATED_OBJC_IMPLEMENTATIONS = YES;
				CLANG_WARN_DIRECT_OBJC_ISA_USAGE = YES_ERROR;
				CLANG_WARN_DOCUMENTATION_COMMENTS = YES;
				CLANG_WARN_EMPTY_BODY = YES;
				CLANG_WARN_ENUM_CONVERSION = YES;
				CLANG_WARN_INFINITE_RECURSION = YES;
				CLANG_WARN_INT_CONVERSION = YES;
				CLANG_WARN_NON_LITERAL_NULL_CONVERSION = YES;
				CLANG_WARN_OBJC_IMPLICIT_RETAIN_SELF = YES;
				CLANG_WARN_OBJC_LITERAL_CONVERSION = YES;
				CLANG_WARN_OBJC_ROOT_CLASS = YES_ERROR;
				CLANG_WARN_QUOTED_INCLUDE_IN_FRAMEWORK_HEADER = YES;
				CLANG_WARN_RANGE_LOOP_ANALYSIS = YES;
				CLANG_WARN_STRICT_PROTOTYPES = YES;
				CLANG_WARN_SUSPICIOUS_MOVE = YES;
				CLANG_WARN_UNGUARDED_AVAILABILITY = YES_AGGRESSIVE;
				CLANG_WARN_UNREACHABLE_CODE = YES;
				CLANG_WARN__DUPLICATE_METHOD_MATCH = YES;
				COPY_PHASE_STRIP = NO;
				DEBUG_INFORMATION_FORMAT = dwarf;
				ENABLE_STRICT_OBJC_MSGSEND = YES;
				ENABLE_TESTABILITY = YES;
				GCC_C_LANGUAGE_STANDARD = gnu11;
				GCC_DYNAMIC_NO_PIC = NO;
				GCC_NO_COMMON_BLOCKS = YES;
				GCC_OPTIMIZATION_LEVEL = 0;
				GCC_PREPROCESSOR_DEFINITIONS = (
					"DEBUG=1",
					"$(inherited)",
				);
				GCC_WARN_64_TO_32_BIT_CONVERSION = YES;
				GCC_WARN_ABOUT_RETURN_TYPE = YES_ERROR;
				GCC_WARN_UNDECLARED_SELECTOR = YES;
				GCC_WARN_UNINITIALIZED_AUTOS = YES_AGGRESSIVE;
				GCC_WARN_UNUSED_FUNCTION = YES;
				GCC_WARN_UNUSED_VARIABLE = YES;
				IPHONEOS_DEPLOYMENT_TARGET = 15.5;
				MTL_ENABLE_DEBUG_INFO = INCLUDE_SOURCE;
				MTL_FAST_MATH = YES;
				ONLY_ACTIVE_ARCH = YES;
				SDKROOT = iphoneos;
				SWIFT_ACTIVE_COMPILATION_CONDITIONS = DEBUG;
				SWIFT_OPTIMIZATION_LEVEL = "-Onone";
			};
			name = Debug;
		};
		69E05AC528A27ECB00FD3082 /* Release */ = {
			isa = XCBuildConfiguration;
			buildSettings = {
				ALWAYS_SEARCH_USER_PATHS = NO;
				CLANG_ANALYZER_NONNULL = YES;
				CLANG_ANALYZER_NUMBER_OBJECT_CONVERSION = YES_AGGRESSIVE;
				CLANG_CXX_LANGUAGE_STANDARD = "gnu++17";
				CLANG_ENABLE_MODULES = YES;
				CLANG_ENABLE_OBJC_ARC = YES;
				CLANG_ENABLE_OBJC_WEAK = YES;
				CLANG_WARN_BLOCK_CAPTURE_AUTORELEASING = YES;
				CLANG_WARN_BOOL_CONVERSION = YES;
				CLANG_WARN_COMMA = YES;
				CLANG_WARN_CONSTANT_CONVERSION = YES;
				CLANG_WARN_DEPRECATED_OBJC_IMPLEMENTATIONS = YES;
				CLANG_WARN_DIRECT_OBJC_ISA_USAGE = YES_ERROR;
				CLANG_WARN_DOCUMENTATION_COMMENTS = YES;
				CLANG_WARN_EMPTY_BODY = YES;
				CLANG_WARN_ENUM_CONVERSION = YES;
				CLANG_WARN_INFINITE_RECURSION = YES;
				CLANG_WARN_INT_CONVERSION = YES;
				CLANG_WARN_NON_LITERAL_NULL_CONVERSION = YES;
				CLANG_WARN_OBJC_IMPLICIT_RETAIN_SELF = YES;
				CLANG_WARN_OBJC_LITERAL_CONVERSION = YES;
				CLANG_WARN_OBJC_ROOT_CLASS = YES_ERROR;
				CLANG_WARN_QUOTED_INCLUDE_IN_FRAMEWORK_HEADER = YES;
				CLANG_WARN_RANGE_LOOP_ANALYSIS = YES;
				CLANG_WARN_STRICT_PROTOTYPES = YES;
				CLANG_WARN_SUSPICIOUS_MOVE = YES;
				CLANG_WARN_UNGUARDED_AVAILABILITY = YES_AGGRESSIVE;
				CLANG_WARN_UNREACHABLE_CODE = YES;
				CLANG_WARN__DUPLICATE_METHOD_MATCH = YES;
				COPY_PHASE_STRIP = NO;
				DEBUG_INFORMATION_FORMAT = "dwarf-with-dsym";
				ENABLE_NS_ASSERTIONS = NO;
				ENABLE_STRICT_OBJC_MSGSEND = YES;
				GCC_C_LANGUAGE_STANDARD = gnu11;
				GCC_NO_COMMON_BLOCKS = YES;
				GCC_WARN_64_TO_32_BIT_CONVERSION = YES;
				GCC_WARN_ABOUT_RETURN_TYPE = YES_ERROR;
				GCC_WARN_UNDECLARED_SELECTOR = YES;
				GCC_WARN_UNINITIALIZED_AUTOS = YES_AGGRESSIVE;
				GCC_WARN_UNUSED_FUNCTION = YES;
				GCC_WARN_UNUSED_VARIABLE = YES;
				IPHONEOS_DEPLOYMENT_TARGET = 15.5;
				MTL_ENABLE_DEBUG_INFO = NO;
				MTL_FAST_MATH = YES;
				SDKROOT = iphoneos;
				SWIFT_COMPILATION_MODE = wholemodule;
				SWIFT_OPTIMIZATION_LEVEL = "-O";
				VALIDATE_PRODUCT = YES;
			};
			name = Release;
		};
		69E05AC728A27ECB00FD3082 /* Debug */ = {
			isa = XCBuildConfiguration;
			buildSettings = {
				ASSETCATALOG_COMPILER_APPICON_NAME = AppIcon;
				ASSETCATALOG_COMPILER_GLOBAL_ACCENT_COLOR_NAME = AccentColor;
				CODE_SIGN_STYLE = Automatic;
				CURRENT_PROJECT_VERSION = 1;
				DEVELOPMENT_TEAM = Z95P383GBF;
				GENERATE_INFOPLIST_FILE = YES;
				INFOPLIST_FILE = MVVM/Info.plist;
				INFOPLIST_KEY_UIApplicationSupportsIndirectInputEvents = YES;
				INFOPLIST_KEY_UILaunchStoryboardName = LaunchScreen;
				INFOPLIST_KEY_UIMainStoryboardFile = Main;
				INFOPLIST_KEY_UISupportedInterfaceOrientations_iPad = "UIInterfaceOrientationPortrait UIInterfaceOrientationPortraitUpsideDown UIInterfaceOrientationLandscapeLeft UIInterfaceOrientationLandscapeRight";
				INFOPLIST_KEY_UISupportedInterfaceOrientations_iPhone = "UIInterfaceOrientationPortrait UIInterfaceOrientationLandscapeLeft UIInterfaceOrientationLandscapeRight";
				LD_RUNPATH_SEARCH_PATHS = (
					"$(inherited)",
					"@executable_path/Frameworks",
				);
				MARKETING_VERSION = 1.0;
				PRODUCT_BUNDLE_IDENTIFIER = voxsie.MVVM;
				PRODUCT_NAME = "$(TARGET_NAME)";
				SWIFT_EMIT_LOC_STRINGS = YES;
				SWIFT_VERSION = 5.0;
				TARGETED_DEVICE_FAMILY = "1,2";
			};
			name = Debug;
		};
		69E05AC828A27ECB00FD3082 /* Release */ = {
			isa = XCBuildConfiguration;
			buildSettings = {
				ASSETCATALOG_COMPILER_APPICON_NAME = AppIcon;
				ASSETCATALOG_COMPILER_GLOBAL_ACCENT_COLOR_NAME = AccentColor;
				CODE_SIGN_STYLE = Automatic;
				CURRENT_PROJECT_VERSION = 1;
				DEVELOPMENT_TEAM = Z95P383GBF;
				GENERATE_INFOPLIST_FILE = YES;
				INFOPLIST_FILE = MVVM/Info.plist;
				INFOPLIST_KEY_UIApplicationSupportsIndirectInputEvents = YES;
				INFOPLIST_KEY_UILaunchStoryboardName = LaunchScreen;
				INFOPLIST_KEY_UIMainStoryboardFile = Main;
				INFOPLIST_KEY_UISupportedInterfaceOrientations_iPad = "UIInterfaceOrientationPortrait UIInterfaceOrientationPortraitUpsideDown UIInterfaceOrientationLandscapeLeft UIInterfaceOrientationLandscapeRight";
				INFOPLIST_KEY_UISupportedInterfaceOrientations_iPhone = "UIInterfaceOrientationPortrait UIInterfaceOrientationLandscapeLeft UIInterfaceOrientationLandscapeRight";
				LD_RUNPATH_SEARCH_PATHS = (
					"$(inherited)",
					"@executable_path/Frameworks",
				);
				MARKETING_VERSION = 1.0;
				PRODUCT_BUNDLE_IDENTIFIER = voxsie.MVVM;
				PRODUCT_NAME = "$(TARGET_NAME)";
				SWIFT_EMIT_LOC_STRINGS = YES;
				SWIFT_VERSION = 5.0;
				TARGETED_DEVICE_FAMILY = "1,2";
			};
			name = Release;
		};
		69E05ACA28A27ECB00FD3082 /* Debug */ = {
			isa = XCBuildConfiguration;
			buildSettings = {
				ALWAYS_EMBED_SWIFT_STANDARD_LIBRARIES = YES;
				BUNDLE_LOADER = "$(TEST_HOST)";
				CODE_SIGN_STYLE = Automatic;
				CURRENT_PROJECT_VERSION = 1;
				DEVELOPMENT_TEAM = Z95P383GBF;
				GENERATE_INFOPLIST_FILE = YES;
				IPHONEOS_DEPLOYMENT_TARGET = 15.5;
				MARKETING_VERSION = 1.0;
				PRODUCT_BUNDLE_IDENTIFIER = voxsie.MVVMTests;
				PRODUCT_NAME = "$(TARGET_NAME)";
				SWIFT_EMIT_LOC_STRINGS = NO;
				SWIFT_VERSION = 5.0;
				TARGETED_DEVICE_FAMILY = "1,2";
				TEST_HOST = "$(BUILT_PRODUCTS_DIR)/MVVM.app/MVVM";
			};
			name = Debug;
		};
		69E05ACB28A27ECB00FD3082 /* Release */ = {
			isa = XCBuildConfiguration;
			buildSettings = {
				ALWAYS_EMBED_SWIFT_STANDARD_LIBRARIES = YES;
				BUNDLE_LOADER = "$(TEST_HOST)";
				CODE_SIGN_STYLE = Automatic;
				CURRENT_PROJECT_VERSION = 1;
				DEVELOPMENT_TEAM = Z95P383GBF;
				GENERATE_INFOPLIST_FILE = YES;
				IPHONEOS_DEPLOYMENT_TARGET = 15.5;
				MARKETING_VERSION = 1.0;
				PRODUCT_BUNDLE_IDENTIFIER = voxsie.MVVMTests;
				PRODUCT_NAME = "$(TARGET_NAME)";
				SWIFT_EMIT_LOC_STRINGS = NO;
				SWIFT_VERSION = 5.0;
				TARGETED_DEVICE_FAMILY = "1,2";
				TEST_HOST = "$(BUILT_PRODUCTS_DIR)/MVVM.app/MVVM";
			};
			name = Release;
		};
		69E05ACD28A27ECB00FD3082 /* Debug */ = {
			isa = XCBuildConfiguration;
			buildSettings = {
				ALWAYS_EMBED_SWIFT_STANDARD_LIBRARIES = YES;
				CODE_SIGN_STYLE = Automatic;
				CURRENT_PROJECT_VERSION = 1;
				DEVELOPMENT_TEAM = Z95P383GBF;
				GENERATE_INFOPLIST_FILE = YES;
				MARKETING_VERSION = 1.0;
				PRODUCT_BUNDLE_IDENTIFIER = voxsie.MVVMUITests;
				PRODUCT_NAME = "$(TARGET_NAME)";
				SWIFT_EMIT_LOC_STRINGS = NO;
				SWIFT_VERSION = 5.0;
				TARGETED_DEVICE_FAMILY = "1,2";
				TEST_TARGET_NAME = MVVM;
			};
			name = Debug;
		};
		69E05ACE28A27ECB00FD3082 /* Release */ = {
			isa = XCBuildConfiguration;
			buildSettings = {
				ALWAYS_EMBED_SWIFT_STANDARD_LIBRARIES = YES;
				CODE_SIGN_STYLE = Automatic;
				CURRENT_PROJECT_VERSION = 1;
				DEVELOPMENT_TEAM = Z95P383GBF;
				GENERATE_INFOPLIST_FILE = YES;
				MARKETING_VERSION = 1.0;
				PRODUCT_BUNDLE_IDENTIFIER = voxsie.MVVMUITests;
				PRODUCT_NAME = "$(TARGET_NAME)";
				SWIFT_EMIT_LOC_STRINGS = NO;
				SWIFT_VERSION = 5.0;
				TARGETED_DEVICE_FAMILY = "1,2";
				TEST_TARGET_NAME = MVVM;
			};
			name = Release;
		};
/* End XCBuildConfiguration section */

/* Begin XCConfigurationList section */
		69E05A9428A27EC900FD3082 /* Build configuration list for PBXProject "MVVM" */ = {
			isa = XCConfigurationList;
			buildConfigurations = (
				69E05AC428A27ECB00FD3082 /* Debug */,
				69E05AC528A27ECB00FD3082 /* Release */,
			);
			defaultConfigurationIsVisible = 0;
			defaultConfigurationName = Release;
		};
		69E05AC628A27ECB00FD3082 /* Build configuration list for PBXNativeTarget "MVVM" */ = {
			isa = XCConfigurationList;
			buildConfigurations = (
				69E05AC728A27ECB00FD3082 /* Debug */,
				69E05AC828A27ECB00FD3082 /* Release */,
			);
			defaultConfigurationIsVisible = 0;
			defaultConfigurationName = Release;
		};
		69E05AC928A27ECB00FD3082 /* Build configuration list for PBXNativeTarget "MVVMTests" */ = {
			isa = XCConfigurationList;
			buildConfigurations = (
				69E05ACA28A27ECB00FD3082 /* Debug */,
				69E05ACB28A27ECB00FD3082 /* Release */,
			);
			defaultConfigurationIsVisible = 0;
			defaultConfigurationName = Release;
		};
		69E05ACC28A27ECB00FD3082 /* Build configuration list for PBXNativeTarget "MVVMUITests" */ = {
			isa = XCConfigurationList;
			buildConfigurations = (
				69E05ACD28A27ECB00FD3082 /* Debug */,
				69E05ACE28A27ECB00FD3082 /* Release */,
			);
			defaultConfigurationIsVisible = 0;
			defaultConfigurationName = Release;
		};
/* End XCConfigurationList section */

/* Begin XCVersionGroup section */
		69E05AA528A27EC900FD3082 /* MVVM.xcdatamodeld */ = {
			isa = XCVersionGroup;
			children = (
				69E05AA628A27EC900FD3082 /* MVVM.xcdatamodel */,
			);
			currentVersion = 69E05AA628A27EC900FD3082 /* MVVM.xcdatamodel */;
			path = MVVM.xcdatamodeld;
			sourceTree = "<group>";
			versionGroupType = wrapper.xcdatamodel;
		};
/* End XCVersionGroup section */
	};
	rootObject = 69E05A9128A27EC900FD3082 /* Project object */;
}
